// !$*UTF8*$!
{
	archiveVersion = 1;
	classes = {
	};
	objectVersion = 50;
	objects = {

/* Begin PBXBuildFile section */
		F50F7505243C67D20088CF41 /* AppDelegate.swift in Sources */ = {isa = PBXBuildFile; fileRef = F50F7504243C67D20088CF41 /* AppDelegate.swift */; };
		F50F7507243C67D20088CF41 /* SceneDelegate.swift in Sources */ = {isa = PBXBuildFile; fileRef = F50F7506243C67D20088CF41 /* SceneDelegate.swift */; };
		F50F7509243C67D20088CF41 /* ViewController.swift in Sources */ = {isa = PBXBuildFile; fileRef = F50F7508243C67D20088CF41 /* ViewController.swift */; };
		F50F750C243C67D20088CF41 /* Main.storyboard in Resources */ = {isa = PBXBuildFile; fileRef = F50F750A243C67D20088CF41 /* Main.storyboard */; };
		F50F750E243C67DF0088CF41 /* Assets.xcassets in Resources */ = {isa = PBXBuildFile; fileRef = F50F750D243C67DF0088CF41 /* Assets.xcassets */; };
		F50F7511243C67DF0088CF41 /* LaunchScreen.storyboard in Resources */ = {isa = PBXBuildFile; fileRef = F50F750F243C67DF0088CF41 /* LaunchScreen.storyboard */; };
		F50F751C243C67E00088CF41 /* ihealthnoteTests.swift in Sources */ = {isa = PBXBuildFile; fileRef = F50F751B243C67E00088CF41 /* ihealthnoteTests.swift */; };
		F50F7527243C67E00088CF41 /* ihealthnoteUITests.swift in Sources */ = {isa = PBXBuildFile; fileRef = F50F7526243C67E00088CF41 /* ihealthnoteUITests.swift */; };
/* End PBXBuildFile section */

/* Begin PBXContainerItemProxy section */
		F50F7518243C67E00088CF41 /* PBXContainerItemProxy */ = {
			isa = PBXContainerItemProxy;
			containerPortal = F50F74F9243C67D10088CF41 /* Project object */;
			proxyType = 1;
			remoteGlobalIDString = F50F7500243C67D20088CF41;
			remoteInfo = ihealthnote;
		};
		F50F7523243C67E00088CF41 /* PBXContainerItemProxy */ = {
			isa = PBXContainerItemProxy;
			containerPortal = F50F74F9243C67D10088CF41 /* Project object */;
			proxyType = 1;
			remoteGlobalIDString = F50F7500243C67D20088CF41;
			remoteInfo = ihealthnote;
		};
/* End PBXContainerItemProxy section */

/* Begin PBXFileReference section */
		F50F7501243C67D20088CF41 /* ihealthnote.app */ = {isa = PBXFileReference; explicitFileType = wrapper.application; includeInIndex = 0; path = ihealthnote.app; sourceTree = BUILT_PRODUCTS_DIR; };
		F50F7504243C67D20088CF41 /* AppDelegate.swift */ = {isa = PBXFileReference; lastKnownFileType = sourcecode.swift; path = AppDelegate.swift; sourceTree = "<group>"; };
		F50F7506243C67D20088CF41 /* SceneDelegate.swift */ = {isa = PBXFileReference; lastKnownFileType = sourcecode.swift; path = SceneDelegate.swift; sourceTree = "<group>"; };
		F50F7508243C67D20088CF41 /* ViewController.swift */ = {isa = PBXFileReference; lastKnownFileType = sourcecode.swift; path = ViewController.swift; sourceTree = "<group>"; };
		F50F750B243C67D20088CF41 /* Base */ = {isa = PBXFileReference; lastKnownFileType = file.storyboard; name = Base; path = Base.lproj/Main.storyboard; sourceTree = "<group>"; };
		F50F750D243C67DF0088CF41 /* Assets.xcassets */ = {isa = PBXFileReference; lastKnownFileType = folder.assetcatalog; path = Assets.xcassets; sourceTree = "<group>"; };
		F50F7510243C67DF0088CF41 /* Base */ = {isa = PBXFileReference; lastKnownFileType = file.storyboard; name = Base; path = Base.lproj/LaunchScreen.storyboard; sourceTree = "<group>"; };
		F50F7512243C67DF0088CF41 /* Info.plist */ = {isa = PBXFileReference; lastKnownFileType = text.plist.xml; path = Info.plist; sourceTree = "<group>"; };
		F50F7517243C67E00088CF41 /* ihealthnoteTests.xctest */ = {isa = PBXFileReference; explicitFileType = wrapper.cfbundle; includeInIndex = 0; path = ihealthnoteTests.xctest; sourceTree = BUILT_PRODUCTS_DIR; };
		F50F751B243C67E00088CF41 /* ihealthnoteTests.swift */ = {isa = PBXFileReference; lastKnownFileType = sourcecode.swift; path = ihealthnoteTests.swift; sourceTree = "<group>"; };
		F50F751D243C67E00088CF41 /* Info.plist */ = {isa = PBXFileReference; lastKnownFileType = text.plist.xml; path = Info.plist; sourceTree = "<group>"; };
		F50F7522243C67E00088CF41 /* ihealthnoteUITests.xctest */ = {isa = PBXFileReference; explicitFileType = wrapper.cfbundle; includeInIndex = 0; path = ihealthnoteUITests.xctest; sourceTree = BUILT_PRODUCTS_DIR; };
		F50F7526243C67E00088CF41 /* ihealthnoteUITests.swift */ = {isa = PBXFileReference; lastKnownFileType = sourcecode.swift; path = ihealthnoteUITests.swift; sourceTree = "<group>"; };
		F50F7528243C67E00088CF41 /* Info.plist */ = {isa = PBXFileReference; lastKnownFileType = text.plist.xml; path = Info.plist; sourceTree = "<group>"; };
/* End PBXFileReference section */

/* Begin PBXFrameworksBuildPhase section */
		F50F74FE243C67D20088CF41 /* Frameworks */ = {
			isa = PBXFrameworksBuildPhase;
			buildActionMask = 2147483647;
			files = (
			);
			runOnlyForDeploymentPostprocessing = 0;
		};
		F50F7514243C67E00088CF41 /* Frameworks */ = {
			isa = PBXFrameworksBuildPhase;
			buildActionMask = 2147483647;
			files = (
			);
			runOnlyForDeploymentPostprocessing = 0;
		};
		F50F751F243C67E00088CF41 /* Frameworks */ = {
			isa = PBXFrameworksBuildPhase;
			buildActionMask = 2147483647;
			files = (
			);
			runOnlyForDeploymentPostprocessing = 0;
		};
/* End PBXFrameworksBuildPhase section */

/* Begin PBXGroup section */
		F50F74F8243C67D10088CF41 = {
			isa = PBXGroup;
			children = (
				F50F7503243C67D20088CF41 /* ihealthnote */,
				F50F751A243C67E00088CF41 /* ihealthnoteTests */,
				F50F7525243C67E00088CF41 /* ihealthnoteUITests */,
				F50F7502243C67D20088CF41 /* Products */,
			);
			sourceTree = "<group>";
		};
		F50F7502243C67D20088CF41 /* Products */ = {
			isa = PBXGroup;
			children = (
				F50F7501243C67D20088CF41 /* ihealthnote.app */,
				F50F7517243C67E00088CF41 /* ihealthnoteTests.xctest */,
				F50F7522243C67E00088CF41 /* ihealthnoteUITests.xctest */,
			);
			name = Products;
			sourceTree = "<group>";
		};
		F50F7503243C67D20088CF41 /* ihealthnote */ = {
			isa = PBXGroup;
			children = (
				F50F7504243C67D20088CF41 /* AppDelegate.swift */,
				F50F7506243C67D20088CF41 /* SceneDelegate.swift */,
				F50F7508243C67D20088CF41 /* ViewController.swift */,
				F50F750A243C67D20088CF41 /* Main.storyboard */,
				F50F750D243C67DF0088CF41 /* Assets.xcassets */,
				F50F750F243C67DF0088CF41 /* LaunchScreen.storyboard */,
				F50F7512243C67DF0088CF41 /* Info.plist */,
			);
			path = ihealthnote;
			sourceTree = "<group>";
		};
		F50F751A243C67E00088CF41 /* ihealthnoteTests */ = {
			isa = PBXGroup;
			children = (
				F50F751B243C67E00088CF41 /* ihealthnoteTests.swift */,
				F50F751D243C67E00088CF41 /* Info.plist */,
			);
			path = ihealthnoteTests;
			sourceTree = "<group>";
		};
		F50F7525243C67E00088CF41 /* ihealthnoteUITests */ = {
			isa = PBXGroup;
			children = (
				F50F7526243C67E00088CF41 /* ihealthnoteUITests.swift */,
				F50F7528243C67E00088CF41 /* Info.plist */,
			);
			path = ihealthnoteUITests;
			sourceTree = "<group>";
		};
/* End PBXGroup section */

/* Begin PBXNativeTarget section */
		F50F7500243C67D20088CF41 /* ihealthnote */ = {
			isa = PBXNativeTarget;
			buildConfigurationList = F50F752B243C67E00088CF41 /* Build configuration list for PBXNativeTarget "ihealthnote" */;
			buildPhases = (
				F50F74FD243C67D20088CF41 /* Sources */,
				F50F74FE243C67D20088CF41 /* Frameworks */,
				F50F74FF243C67D20088CF41 /* Resources */,
			);
			buildRules = (
			);
			dependencies = (
			);
			name = ihealthnote;
			productName = ihealthnote;
			productReference = F50F7501243C67D20088CF41 /* ihealthnote.app */;
			productType = "com.apple.product-type.application";
		};
		F50F7516243C67E00088CF41 /* ihealthnoteTests */ = {
			isa = PBXNativeTarget;
			buildConfigurationList = F50F752E243C67E00088CF41 /* Build configuration list for PBXNativeTarget "ihealthnoteTests" */;
			buildPhases = (
				F50F7513243C67E00088CF41 /* Sources */,
				F50F7514243C67E00088CF41 /* Frameworks */,
				F50F7515243C67E00088CF41 /* Resources */,
			);
			buildRules = (
			);
			dependencies = (
				F50F7519243C67E00088CF41 /* PBXTargetDependency */,
			);
			name = ihealthnoteTests;
			productName = ihealthnoteTests;
			productReference = F50F7517243C67E00088CF41 /* ihealthnoteTests.xctest */;
			productType = "com.apple.product-type.bundle.unit-test";
		};
		F50F7521243C67E00088CF41 /* ihealthnoteUITests */ = {
			isa = PBXNativeTarget;
			buildConfigurationList = F50F7531243C67E00088CF41 /* Build configuration list for PBXNativeTarget "ihealthnoteUITests" */;
			buildPhases = (
				F50F751E243C67E00088CF41 /* Sources */,
				F50F751F243C67E00088CF41 /* Frameworks */,
				F50F7520243C67E00088CF41 /* Resources */,
			);
			buildRules = (
			);
			dependencies = (
				F50F7524243C67E00088CF41 /* PBXTargetDependency */,
			);
			name = ihealthnoteUITests;
			productName = ihealthnoteUITests;
			productReference = F50F7522243C67E00088CF41 /* ihealthnoteUITests.xctest */;
			productType = "com.apple.product-type.bundle.ui-testing";
		};
/* End PBXNativeTarget section */

/* Begin PBXProject section */
		F50F74F9243C67D10088CF41 /* Project object */ = {
			isa = PBXProject;
			attributes = {
				LastSwiftUpdateCheck = 1120;
				LastUpgradeCheck = 1120;
				ORGANIZATIONNAME = ntust06;
				TargetAttributes = {
					F50F7500243C67D20088CF41 = {
						CreatedOnToolsVersion = 11.2;
					};
					F50F7516243C67E00088CF41 = {
						CreatedOnToolsVersion = 11.2;
						TestTargetID = F50F7500243C67D20088CF41;
					};
					F50F7521243C67E00088CF41 = {
						CreatedOnToolsVersion = 11.2;
						TestTargetID = F50F7500243C67D20088CF41;
					};
				};
			};
			buildConfigurationList = F50F74FC243C67D10088CF41 /* Build configuration list for PBXProject "ihealthnote" */;
			compatibilityVersion = "Xcode 9.3";
			developmentRegion = en;
			hasScannedForEncodings = 0;
			knownRegions = (
				en,
				Base,
			);
			mainGroup = F50F74F8243C67D10088CF41;
			productRefGroup = F50F7502243C67D20088CF41 /* Products */;
			projectDirPath = "";
			projectRoot = "";
			targets = (
				F50F7500243C67D20088CF41 /* ihealthnote */,
				F50F7516243C67E00088CF41 /* ihealthnoteTests */,
				F50F7521243C67E00088CF41 /* ihealthnoteUITests */,
			);
		};
/* End PBXProject section */

/* Begin PBXResourcesBuildPhase section */
		F50F74FF243C67D20088CF41 /* Resources */ = {
			isa = PBXResourcesBuildPhase;
			buildActionMask = 2147483647;
			files = (
				F50F7511243C67DF0088CF41 /* LaunchScreen.storyboard in Resources */,
				F50F750E243C67DF0088CF41 /* Assets.xcassets in Resources */,
				F50F750C243C67D20088CF41 /* Main.storyboard in Resources */,
			);
			runOnlyForDeploymentPostprocessing = 0;
		};
		F50F7515243C67E00088CF41 /* Resources */ = {
			isa = PBXResourcesBuildPhase;
			buildActionMask = 2147483647;
			files = (
			);
			runOnlyForDeploymentPostprocessing = 0;
		};
		F50F7520243C67E00088CF41 /* Resources */ = {
			isa = PBXResourcesBuildPhase;
			buildActionMask = 2147483647;
			files = (
			);
			runOnlyForDeploymentPostprocessing = 0;
		};
/* End PBXResourcesBuildPhase section */

/* Begin PBXSourcesBuildPhase section */
		F50F74FD243C67D20088CF41 /* Sources */ = {
			isa = PBXSourcesBuildPhase;
			buildActionMask = 2147483647;
			files = (
				F50F7509243C67D20088CF41 /* ViewController.swift in Sources */,
				F50F7505243C67D20088CF41 /* AppDelegate.swift in Sources */,
				F50F7507243C67D20088CF41 /* SceneDelegate.swift in Sources */,
			);
			runOnlyForDeploymentPostprocessing = 0;
		};
		F50F7513243C67E00088CF41 /* Sources */ = {
			isa = PBXSourcesBuildPhase;
			buildActionMask = 2147483647;
			files = (
				F50F751C243C67E00088CF41 /* ihealthnoteTests.swift in Sources */,
			);
			runOnlyForDeploymentPostprocessing = 0;
		};
		F50F751E243C67E00088CF41 /* Sources */ = {
			isa = PBXSourcesBuildPhase;
			buildActionMask = 2147483647;
			files = (
				F50F7527243C67E00088CF41 /* ihealthnoteUITests.swift in Sources */,
			);
			runOnlyForDeploymentPostprocessing = 0;
		};
/* End PBXSourcesBuildPhase section */

/* Begin PBXTargetDependency section */
		F50F7519243C67E00088CF41 /* PBXTargetDependency */ = {
			isa = PBXTargetDependency;
			target = F50F7500243C67D20088CF41 /* ihealthnote */;
			targetProxy = F50F7518243C67E00088CF41 /* PBXContainerItemProxy */;
		};
		F50F7524243C67E00088CF41 /* PBXTargetDependency */ = {
			isa = PBXTargetDependency;
			target = F50F7500243C67D20088CF41 /* ihealthnote */;
			targetProxy = F50F7523243C67E00088CF41 /* PBXContainerItemProxy */;
		};
/* End PBXTargetDependency section */

/* Begin PBXVariantGroup section */
		F50F750A243C67D20088CF41 /* Main.storyboard */ = {
			isa = PBXVariantGroup;
			children = (
				F50F750B243C67D20088CF41 /* Base */,
			);
			name = Main.storyboard;
			sourceTree = "<group>";
		};
		F50F750F243C67DF0088CF41 /* LaunchScreen.storyboard */ = {
			isa = PBXVariantGroup;
			children = (
				F50F7510243C67DF0088CF41 /* Base */,
			);
			name = LaunchScreen.storyboard;
			sourceTree = "<group>";
		};
/* End PBXVariantGroup section */

/* Begin XCBuildConfiguration section */
		F50F7529243C67E00088CF41 /* Debug */ = {
			isa = XCBuildConfiguration;
			buildSettings = {
				ALWAYS_SEARCH_USER_PATHS = NO;
				CLANG_ANALYZER_NONNULL = YES;
				CLANG_ANALYZER_NUMBER_OBJECT_CONVERSION = YES_AGGRESSIVE;
				CLANG_CXX_LANGUAGE_STANDARD = "gnu++14";
				CLANG_CXX_LIBRARY = "libc++";
				CLANG_ENABLE_MODULES = YES;
				CLANG_ENABLE_OBJC_ARC = YES;
				CLANG_ENABLE_OBJC_WEAK = YES;
				CLANG_WARN_BLOCK_CAPTURE_AUTORELEASING = YES;
				CLANG_WARN_BOOL_CONVERSION = YES;
				CLANG_WARN_COMMA = YES;
				CLANG_WARN_CONSTANT_CONVERSION = YES;
				CLANG_WARN_DEPRECATED_OBJC_IMPLEMENTATIONS = YES;
				CLANG_WARN_DIRECT_OBJC_ISA_USAGE = YES_ERROR;
				CLANG_WARN_DOCUMENTATION_COMMENTS = YES;
				CLANG_WARN_EMPTY_BODY = YES;
				CLANG_WARN_ENUM_CONVERSION = YES;
				CLANG_WARN_INFINITE_RECURSION = YES;
				CLANG_WARN_INT_CONVERSION = YES;
				CLANG_WARN_NON_LITERAL_NULL_CONVERSION = YES;
				CLANG_WARN_OBJC_IMPLICIT_RETAIN_SELF = YES;
				CLANG_WARN_OBJC_LITERAL_CONVERSION = YES;
				CLANG_WARN_OBJC_ROOT_CLASS = YES_ERROR;
				CLANG_WARN_RANGE_LOOP_ANALYSIS = YES;
				CLANG_WARN_STRICT_PROTOTYPES = YES;
				CLANG_WARN_SUSPICIOUS_MOVE = YES;
				CLANG_WARN_UNGUARDED_AVAILABILITY = YES_AGGRESSIVE;
				CLANG_WARN_UNREACHABLE_CODE = YES;
				CLANG_WARN__DUPLICATE_METHOD_MATCH = YES;
				COPY_PHASE_STRIP = NO;
				DEBUG_INFORMATION_FORMAT = dwarf;
				ENABLE_STRICT_OBJC_MSGSEND = YES;
				ENABLE_TESTABILITY = YES;
				GCC_C_LANGUAGE_STANDARD = gnu11;
				GCC_DYNAMIC_NO_PIC = NO;
				GCC_NO_COMMON_BLOCKS = YES;
				GCC_OPTIMIZATION_LEVEL = 0;
				GCC_PREPROCESSOR_DEFINITIONS = (
					"DEBUG=1",
					"$(inherited)",
				);
				GCC_WARN_64_TO_32_BIT_CONVERSION = YES;
				GCC_WARN_ABOUT_RETURN_TYPE = YES_ERROR;
				GCC_WARN_UNDECLARED_SELECTOR = YES;
				GCC_WARN_UNINITIALIZED_AUTOS = YES_AGGRESSIVE;
				GCC_WARN_UNUSED_FUNCTION = YES;
				GCC_WARN_UNUSED_VARIABLE = YES;
				IPHONEOS_DEPLOYMENT_TARGET = 13.2;
				MTL_ENABLE_DEBUG_INFO = INCLUDE_SOURCE;
				MTL_FAST_MATH = YES;
				ONLY_ACTIVE_ARCH = YES;
				SDKROOT = iphoneos;
				SWIFT_ACTIVE_COMPILATION_CONDITIONS = DEBUG;
				SWIFT_OPTIMIZATION_LEVEL = "-Onone";
			};
			name = Debug;
		};
		F50F752A243C67E00088CF41 /* Release */ = {
			isa = XCBuildConfiguration;
			buildSettings = {
				ALWAYS_SEARCH_USER_PATHS = NO;
				CLANG_ANALYZER_NONNULL = YES;
				CLANG_ANALYZER_NUMBER_OBJECT_CONVERSION = YES_AGGRESSIVE;
				CLANG_CXX_LANGUAGE_STANDARD = "gnu++14";
				CLANG_CXX_LIBRARY = "libc++";
				CLANG_ENABLE_MODULES = YES;
				CLANG_ENABLE_OBJC_ARC = YES;
				CLANG_ENABLE_OBJC_WEAK = YES;
				CLANG_WARN_BLOCK_CAPTURE_AUTORELEASING = YES;
				CLANG_WARN_BOOL_CONVERSION = YES;
				CLANG_WARN_COMMA = YES;
				CLANG_WARN_CONSTANT_CONVERSION = YES;
				CLANG_WARN_DEPRECATED_OBJC_IMPLEMENTATIONS = YES;
				CLANG_WARN_DIRECT_OBJC_ISA_USAGE = YES_ERROR;
				CLANG_WARN_DOCUMENTATION_COMMENTS = YES;
				CLANG_WARN_EMPTY_BODY = YES;
				CLANG_WARN_ENUM_CONVERSION = YES;
				CLANG_WARN_INFINITE_RECURSION = YES;
				CLANG_WARN_INT_CONVERSION = YES;
				CLANG_WARN_NON_LITERAL_NULL_CONVERSION = YES;
				CLANG_WARN_OBJC_IMPLICIT_RETAIN_SELF = YES;
				CLANG_WARN_OBJC_LITERAL_CONVERSION = YES;
				CLANG_WARN_OBJC_ROOT_CLASS = YES_ERROR;
				CLANG_WARN_RANGE_LOOP_ANALYSIS = YES;
				CLANG_WARN_STRICT_PROTOTYPES = YES;
				CLANG_WARN_SUSPICIOUS_MOVE = YES;
				CLANG_WARN_UNGUARDED_AVAILABILITY = YES_AGGRESSIVE;
				CLANG_WARN_UNREACHABLE_CODE = YES;
				CLANG_WARN__DUPLICATE_METHOD_MATCH = YES;
				COPY_PHASE_STRIP = NO;
				DEBUG_INFORMATION_FORMAT = "dwarf-with-dsym";
				ENABLE_NS_ASSERTIONS = NO;
				ENABLE_STRICT_OBJC_MSGSEND = YES;
				GCC_C_LANGUAGE_STANDARD = gnu11;
				GCC_NO_COMMON_BLOCKS = YES;
				GCC_WARN_64_TO_32_BIT_CONVERSION = YES;
				GCC_WARN_ABOUT_RETURN_TYPE = YES_ERROR;
				GCC_WARN_UNDECLARED_SELECTOR = YES;
				GCC_WARN_UNINITIALIZED_AUTOS = YES_AGGRESSIVE;
				GCC_WARN_UNUSED_FUNCTION = YES;
				GCC_WARN_UNUSED_VARIABLE = YES;
				IPHONEOS_DEPLOYMENT_TARGET = 13.2;
				MTL_ENABLE_DEBUG_INFO = NO;
				MTL_FAST_MATH = YES;
				SDKROOT = iphoneos;
				SWIFT_COMPILATION_MODE = wholemodule;
				SWIFT_OPTIMIZATION_LEVEL = "-O";
				VALIDATE_PRODUCT = YES;
			};
			name = Release;
		};
		F50F752C243C67E00088CF41 /* Debug */ = {
			isa = XCBuildConfiguration;
			buildSettings = {
				ASSETCATALOG_COMPILER_APPICON_NAME = AppIcon;
				CODE_SIGN_STYLE = Automatic;
				INFOPLIST_FILE = ihealthnote/Info.plist;
				LD_RUNPATH_SEARCH_PATHS = (
					"$(inherited)",
					"@executable_path/Frameworks",
				);
				PRODUCT_BUNDLE_IDENTIFIER = idv.stella.ihealthnote;
				PRODUCT_NAME = "$(TARGET_NAME)";
				SWIFT_VERSION = 5.0;
				TARGETED_DEVICE_FAMILY = "1,2";
			};
			name = Debug;
		};
		F50F752D243C67E00088CF41 /* Release */ = {
			isa = XCBuildConfiguration;
			buildSettings = {
				ASSETCATALOG_COMPILER_APPICON_NAME = AppIcon;
				CODE_SIGN_STYLE = Automatic;
				INFOPLIST_FILE = ihealthnote/Info.plist;
				LD_RUNPATH_SEARCH_PATHS = (
					"$(inherited)",
					"@executable_path/Frameworks",
				);
				PRODUCT_BUNDLE_IDENTIFIER = idv.stella.ihealthnote;
				PRODUCT_NAME = "$(TARGET_NAME)";
				SWIFT_VERSION = 5.0;
				TARGETED_DEVICE_FAMILY = "1,2";
			};
			name = Release;
		};
		F50F752F243C67E00088CF41 /* Debug */ = {
			isa = XCBuildConfiguration;
			buildSettings = {
				ALWAYS_EMBED_SWIFT_STANDARD_LIBRARIES = YES;
				BUNDLE_LOADER = "$(TEST_HOST)";
				CODE_SIGN_STYLE = Automatic;
				INFOPLIST_FILE = ihealthnoteTests/Info.plist;
				IPHONEOS_DEPLOYMENT_TARGET = 13.2;
				LD_RUNPATH_SEARCH_PATHS = (
					"$(inherited)",
					"@executable_path/Frameworks",
					"@loader_path/Frameworks",
				);
				PRODUCT_BUNDLE_IDENTIFIER = idv.stella.ihealthnoteTests;
				PRODUCT_NAME = "$(TARGET_NAME)";
				SWIFT_VERSION = 5.0;
				TARGETED_DEVICE_FAMILY = "1,2";
				TEST_HOST = "$(BUILT_PRODUCTS_DIR)/ihealthnote.app/ihealthnote";
			};
			name = Debug;
		};
		F50F7530243C67E00088CF41 /* Release */ = {
			isa = XCBuildConfiguration;
			buildSettings = {
				ALWAYS_EMBED_SWIFT_STANDARD_LIBRARIES = YES;
				BUNDLE_LOADER = "$(TEST_HOST)";
				CODE_SIGN_STYLE = Automatic;
				INFOPLIST_FILE = ihealthnoteTests/Info.plist;
				IPHONEOS_DEPLOYMENT_TARGET = 13.2;
				LD_RUNPATH_SEARCH_PATHS = (
					"$(inherited)",
					"@executable_path/Frameworks",
					"@loader_path/Frameworks",
				);
				PRODUCT_BUNDLE_IDENTIFIER = idv.stella.ihealthnoteTests;
				PRODUCT_NAME = "$(TARGET_NAME)";
				SWIFT_VERSION = 5.0;
				TARGETED_DEVICE_FAMILY = "1,2";
				TEST_HOST = "$(BUILT_PRODUCTS_DIR)/ihealthnote.app/ihealthnote";
			};
			name = Release;
		};
		F50F7532243C67E00088CF41 /* Debug */ = {
			isa = XCBuildConfiguration;
			buildSettings = {
				ALWAYS_EMBED_SWIFT_STANDARD_LIBRARIES = YES;
				CODE_SIGN_STYLE = Automatic;
				INFOPLIST_FILE = ihealthnoteUITests/Info.plist;
				LD_RUNPATH_SEARCH_PATHS = (
					"$(inherited)",
					"@executable_path/Frameworks",
					"@loader_path/Frameworks",
				);
				PRODUCT_BUNDLE_IDENTIFIER = idv.stella.ihealthnoteUITests;
				PRODUCT_NAME = "$(TARGET_NAME)";
				SWIFT_VERSION = 5.0;
				TARGETED_DEVICE_FAMILY = "1,2";
				TEST_TARGET_NAME = ihealthnote;
			};
			name = Debug;
		};
		F50F7533243C67E00088CF41 /* Release */ = {
			isa = XCBuildConfiguration;
			buildSettings = {
				ALWAYS_EMBED_SWIFT_STANDARD_LIBRARIES = YES;
				CODE_SIGN_STYLE = Automatic;
				INFOPLIST_FILE = ihealthnoteUITests/Info.plist;
				LD_RUNPATH_SEARCH_PATHS = (
					"$(inherited)",
					"@executable_path/Frameworks",
					"@loader_path/Frameworks",
				);
				PRODUCT_BUNDLE_IDENTIFIER = idv.stella.ihealthnoteUITests;
				PRODUCT_NAME = "$(TARGET_NAME)";
				SWIFT_VERSION = 5.0;
				TARGETED_DEVICE_FAMILY = "1,2";
				TEST_TARGET_NAME = ihealthnote;
			};
			name = Release;
		};
/* End XCBuildConfiguration section */

/* Begin XCConfigurationList section */
		F50F74FC243C67D10088CF41 /* Build configuration list for PBXProject "ihealthnote" */ = {
			isa = XCConfigurationList;
			buildConfigurations = (
				F50F7529243C67E00088CF41 /* Debug */,
				F50F752A243C67E00088CF41 /* Release */,
			);
			defaultConfigurationIsVisible = 0;
			defaultConfigurationName = Release;
		};
		F50F752B243C67E00088CF41 /* Build configuration list for PBXNativeTarget "ihealthnote" */ = {
			isa = XCConfigurationList;
			buildConfigurations = (
				F50F752C243C67E00088CF41 /* Debug */,
				F50F752D243C67E00088CF41 /* Release */,
			);
			defaultConfigurationIsVisible = 0;
			defaultConfigurationName = Release;
		};
		F50F752E243C67E00088CF41 /* Build configuration list for PBXNativeTarget "ihealthnoteTests" */ = {
			isa = XCConfigurationList;
			buildConfigurations = (
				F50F752F243C67E00088CF41 /* Debug */,
				F50F7530243C67E00088CF41 /* Release */,
			);
			defaultConfigurationIsVisible = 0;
			defaultConfigurationName = Release;
		};
		F50F7531243C67E00088CF41 /* Build configuration list for PBXNativeTarget "ihealthnoteUITests" */ = {
			isa = XCConfigurationList;
			buildConfigurations = (
				F50F7532243C67E00088CF41 /* Debug */,
				F50F7533243C67E00088CF41 /* Release */,
			);
			defaultConfigurationIsVisible = 0;
			defaultConfigurationName = Release;
		};
/* End XCConfigurationList section */
	};
	rootObject = F50F74F9243C67D10088CF41 /* Project object */;
}
